
Microsoft Visual Studio Solution File, Format Version 12.00
# Visual Studio Version 17
VisualStudioVersion = 17.0.31903.59
MinimumVisualStudioVersion = 10.0.40219.1
Project("{9A19103F-16F7-4668-BE54-9A1E7A4F7556}") = "MvcCookieAuthSample", "MvcCookieAuthSample\MvcCookieAuthSample.csproj", "{D1635226-577F-4173-A333-BAE47AD2EBCF}"
EndProject
Project("{9A19103F-16F7-4668-BE54-9A1E7A4F7556}") = "MyPipeline", "MyPipeline\MyPipeline.csproj", "{801B870B-9C17-4596-8390-103AE4D699B9}"
EndProject
Project("{9A19103F-16F7-4668-BE54-9A1E7A4F7556}") = "NewtonsoftStudy", "NewtonsoftStudy\NewtonsoftStudy.csproj", "{87EF039E-41D5-42F5-9C08-82B3B8812C58}"
EndProject
Project("{9A19103F-16F7-4668-BE54-9A1E7A4F7556}") = "Cookie", "Cookie\Cookie.csproj", "{54E0C9F1-446D-460F-8D40-DCE54BE83422}"
EndProject
Project("{9A19103F-16F7-4668-BE54-9A1E7A4F7556}") = "CookieOfficial", "CookieOfficial\CookieOfficial.csproj", "{0CBAA7E4-DE50-4A72-A5AA-06E01E710965}"
EndProject
Project("{9A19103F-16F7-4668-BE54-9A1E7A4F7556}") = "CookieOfficial21", "CookieOfficial21\CookieOfficial21.csproj", "{63F26FE8-46F6-4725-A12B-2D834AE4221B}"
EndProject
Project("{9A19103F-16F7-4668-BE54-9A1E7A4F7556}") = "WebAPIHttp", "WebAPIHttp\WebAPIHttp.csproj", "{9B7971D2-C869-463E-B22D-B978409C781B}"
EndProject
Project("{9A19103F-16F7-4668-BE54-9A1E7A4F7556}") = "DynamicMethod", "DynamicMethod\DynamicMethod.csproj", "{5362D1DC-97C3-433A-9C80-998D0CF67286}"
EndProject
Project("{9A19103F-16F7-4668-BE54-9A1E7A4F7556}") = "JwtAuthSample", "JwtAuthSample\JwtAuthSample.csproj", "{0616530F-72FB-42DB-BF55-766A40955804}"
EndProject
Project("{9A19103F-16F7-4668-BE54-9A1E7A4F7556}") = "WebAPI", "WebAPI\WebAPI.csproj", "{46DC7EA2-CCAA-424D-AA2F-A1880092DA32}"
EndProject
Project("{2150E333-8FDC-42A3-9474-1A3956D46DE8}") = "ODIC", "ODIC", "{67F160AE-51B4-467B-AE74-B5E9C3620168}"
EndProject
Project("{9A19103F-16F7-4668-BE54-9A1E7A4F7556}") = "IdentityServer", "IdentityServer\IdentityServer.csproj", "{6800C160-45E3-419B-8D56-04D60BDF802D}"
EndProject
Project("{9A19103F-16F7-4668-BE54-9A1E7A4F7556}") = "Client.ClientCredentials", "Client.ClientCredentials\Client.ClientCredentials.csproj", "{6BD7D1FC-B24E-47F7-900F-A535AFA6525E}"
EndProject
Project("{9A19103F-16F7-4668-BE54-9A1E7A4F7556}") = "API", "API\API.csproj", "{FA64674A-B816-4180-B175-1C89ADD73DC7}"
EndProject
Project("{9A19103F-16F7-4668-BE54-9A1E7A4F7556}") = "MVC.Client.Code", "MVC.Client.Code\MVC.Client.Code.csproj", "{B5EAA182-2395-4421-A27B-CCB1131D74D2}"
EndProject
Project("{9A19103F-16F7-4668-BE54-9A1E7A4F7556}") = "MVC.Client.Hybrid", "MVC.Client.Hybird\MVC.Client.Hybrid.csproj", "{D11C5147-409C-4AB9-B7AE-53BD5C11EAE1}"
EndProject
Project("{9A19103F-16F7-4668-BE54-9A1E7A4F7556}") = "WebAPIDataBind", "WebAPIDataBind\WebAPIDataBind.csproj", "{2420912F-BE80-44B0-9603-0816C7E0424B}"
EndProject
Project("{9A19103F-16F7-4668-BE54-9A1E7A4F7556}") = "IdentityTest", "IdentityTest\IdentityTest.csproj", "{07A088B4-B10C-4EEC-B2DA-872A2EE689C9}"
EndProject
Project("{9A19103F-16F7-4668-BE54-9A1E7A4F7556}") = "DI", "DI\DI.csproj", "{81D84594-ECAD-410D-B2A5-777A28F6DA44}"
EndProject
Project("{9A19103F-16F7-4668-BE54-9A1E7A4F7556}") = "MyMiddleware", "MyMiddleware\MyMiddleware.csproj", "{D8612E25-9A7F-48ED-9EF6-A6DAC7869ED2}"
EndProject
Project("{9A19103F-16F7-4668-BE54-9A1E7A4F7556}") = "CSharpLearn", "CSharpLearn\CSharpLearn.csproj", "{3EB82C16-D1AE-4DC5-8FB6-DD55BD32E27C}"
EndProject
Project("{9A19103F-16F7-4668-BE54-9A1E7A4F7556}") = "MediatRTest", "MediatRTest\MediatRTest.csproj", "{F48FED2E-E37A-48C0-A0F7-67A4E98ABF72}"
EndProject
Project("{9A19103F-16F7-4668-BE54-9A1E7A4F7556}") = "SerilogTest", "SerilogTest\SerilogTest.csproj", "{1C545CE3-6F53-4A05-988C-157B65983662}"
EndProject
Project("{9A19103F-16F7-4668-BE54-9A1E7A4F7556}") = "SerilogAspNetCoreTest", "SerilogAspNetCoreTest\SerilogAspNetCoreTest.csproj", "{11E2B4E8-A2A2-4006-92CB-1982C7F9FC34}"
EndProject
Project("{9A19103F-16F7-4668-BE54-9A1E7A4F7556}") = "YARPStudy", "YARPStudy\YARPStudy.csproj", "{05B7EAEE-C735-4E4F-A9E1-593A2E11C706}"
EndProject
Project("{9A19103F-16F7-4668-BE54-9A1E7A4F7556}") = "WebAPIClssic", "WebAPIClssic\WebAPIClssic.csproj", "{167117EB-4558-4607-8445-0FCE5F2E18FA}"
EndProject
Project("{9A19103F-16F7-4668-BE54-9A1E7A4F7556}") = "ConsoleAppClassic", "ConsoleAppClassic\ConsoleAppClassic.csproj", "{A543CA3F-386B-45AB-AEFC-AD4243F9BF4B}"
EndProject
Project("{2150E333-8FDC-42A3-9474-1A3956D46DE8}") = "SourceGeneratorTest", "SourceGeneratorTest", "{968AD7EF-D511-408A-BA42-27E2A5650304}"
EndProject
Project("{9A19103F-16F7-4668-BE54-9A1E7A4F7556}") = "SourceGeneratorClassLibrary", "SourceGeneratorClassLibrary\SourceGeneratorClassLibrary.csproj", "{40EA345D-2E9E-4C7C-8466-C39C545123E2}"
EndProject
Project("{9A19103F-16F7-4668-BE54-9A1E7A4F7556}") = "ConsoleAppSourceGenerator", "ConsoleAppSourceGenerator\ConsoleAppSourceGenerator.csproj", "{EDA3C6E4-757A-4A05-89E9-BFB5343B03B7}"
EndProject
Project("{9A19103F-16F7-4668-BE54-9A1E7A4F7556}") = "AutoMapperTest", "AutoMapperTest\AutoMapperTest.csproj", "{8A7375C8-DD4C-47FE-84F8-345730D8C10C}"
EndProject
Project("{2150E333-8FDC-42A3-9474-1A3956D46DE8}") = "T4", "T4", "{BF3F7E65-3533-4183-A9D2-B88B19C9B71B}"
EndProject
Project("{9A19103F-16F7-4668-BE54-9A1E7A4F7556}") = "ConsoleAppT4", "ConsoleAppT4\ConsoleAppT4.csproj", "{C7C0259F-382F-44AA-8404-D101879EFBE1}"
EndProject
Project("{9A19103F-16F7-4668-BE54-9A1E7A4F7556}") = "ObjsClassLibrary", "ObjsClassLibrary\ObjsClassLibrary.csproj", "{7F8725D4-C1E9-4BAD-A71A-C5D09D801093}"
EndProject
Project("{9A19103F-16F7-4668-BE54-9A1E7A4F7556}") = "MapsterTest", "MapsterTest\MapsterTest.csproj", "{91FA5C6A-15A6-4AB7-9B1F-FD772CEC4C2B}"
EndProject
Project("{9A19103F-16F7-4668-BE54-9A1E7A4F7556}") = "ConsoleAppRSA", "ConsoleAppRSA\ConsoleAppRSA.csproj", "{FC0761AD-6462-44EA-BE94-6304816D76AB}"
EndProject
Project("{9A19103F-16F7-4668-BE54-9A1E7A4F7556}") = "ConsoleAppSM2", "ConsoleAppSM2\ConsoleAppSM2.csproj", "{6784CC44-D13D-4ECB-B6AE-AD8B56E30091}"
EndProject
Project("{FAE04EC0-301F-11D3-BF4B-00C04F79EFBC}") = "HashTableTest", "HashTableTest\HashTableTest.csproj", "{E9FCD256-270E-4EC1-B09E-1B3A64715205}"
EndProject
Global
	GlobalSection(SolutionConfigurationPlatforms) = preSolution
		Debug|Any CPU = Debug|Any CPU
		Release|Any CPU = Release|Any CPU
	EndGlobalSection
	GlobalSection(ProjectConfigurationPlatforms) = postSolution
		{D1635226-577F-4173-A333-BAE47AD2EBCF}.Debug|Any CPU.ActiveCfg = Debug|Any CPU
		{D1635226-577F-4173-A333-BAE47AD2EBCF}.Debug|Any CPU.Build.0 = Debug|Any CPU
		{D1635226-577F-4173-A333-BAE47AD2EBCF}.Release|Any CPU.ActiveCfg = Release|Any CPU
		{D1635226-577F-4173-A333-BAE47AD2EBCF}.Release|Any CPU.Build.0 = Release|Any CPU
		{801B870B-9C17-4596-8390-103AE4D699B9}.Debug|Any CPU.ActiveCfg = Debug|Any CPU
		{801B870B-9C17-4596-8390-103AE4D699B9}.Debug|Any CPU.Build.0 = Debug|Any CPU
		{801B870B-9C17-4596-8390-103AE4D699B9}.Release|Any CPU.ActiveCfg = Release|Any CPU
		{801B870B-9C17-4596-8390-103AE4D699B9}.Release|Any CPU.Build.0 = Release|Any CPU
		{87EF039E-41D5-42F5-9C08-82B3B8812C58}.Debug|Any CPU.ActiveCfg = Debug|Any CPU
		{87EF039E-41D5-42F5-9C08-82B3B8812C58}.Debug|Any CPU.Build.0 = Debug|Any CPU
		{87EF039E-41D5-42F5-9C08-82B3B8812C58}.Release|Any CPU.ActiveCfg = Release|Any CPU
		{87EF039E-41D5-42F5-9C08-82B3B8812C58}.Release|Any CPU.Build.0 = Release|Any CPU
		{54E0C9F1-446D-460F-8D40-DCE54BE83422}.Debug|Any CPU.ActiveCfg = Debug|Any CPU
		{54E0C9F1-446D-460F-8D40-DCE54BE83422}.Debug|Any CPU.Build.0 = Debug|Any CPU
		{54E0C9F1-446D-460F-8D40-DCE54BE83422}.Release|Any CPU.ActiveCfg = Release|Any CPU
		{54E0C9F1-446D-460F-8D40-DCE54BE83422}.Release|Any CPU.Build.0 = Release|Any CPU
		{0CBAA7E4-DE50-4A72-A5AA-06E01E710965}.Debug|Any CPU.ActiveCfg = Debug|Any CPU
		{0CBAA7E4-DE50-4A72-A5AA-06E01E710965}.Debug|Any CPU.Build.0 = Debug|Any CPU
		{0CBAA7E4-DE50-4A72-A5AA-06E01E710965}.Release|Any CPU.ActiveCfg = Release|Any CPU
		{0CBAA7E4-DE50-4A72-A5AA-06E01E710965}.Release|Any CPU.Build.0 = Release|Any CPU
		{63F26FE8-46F6-4725-A12B-2D834AE4221B}.Debug|Any CPU.ActiveCfg = Debug|Any CPU
		{63F26FE8-46F6-4725-A12B-2D834AE4221B}.Debug|Any CPU.Build.0 = Debug|Any CPU
		{63F26FE8-46F6-4725-A12B-2D834AE4221B}.Release|Any CPU.ActiveCfg = Release|Any CPU
		{63F26FE8-46F6-4725-A12B-2D834AE4221B}.Release|Any CPU.Build.0 = Release|Any CPU
		{9B7971D2-C869-463E-B22D-B978409C781B}.Debug|Any CPU.ActiveCfg = Debug|Any CPU
		{9B7971D2-C869-463E-B22D-B978409C781B}.Debug|Any CPU.Build.0 = Debug|Any CPU
		{9B7971D2-C869-463E-B22D-B978409C781B}.Release|Any CPU.ActiveCfg = Release|Any CPU
		{9B7971D2-C869-463E-B22D-B978409C781B}.Release|Any CPU.Build.0 = Release|Any CPU
		{5362D1DC-97C3-433A-9C80-998D0CF67286}.Debug|Any CPU.ActiveCfg = Debug|Any CPU
		{5362D1DC-97C3-433A-9C80-998D0CF67286}.Debug|Any CPU.Build.0 = Debug|Any CPU
		{5362D1DC-97C3-433A-9C80-998D0CF67286}.Release|Any CPU.ActiveCfg = Release|Any CPU
		{5362D1DC-97C3-433A-9C80-998D0CF67286}.Release|Any CPU.Build.0 = Release|Any CPU
		{0616530F-72FB-42DB-BF55-766A40955804}.Debug|Any CPU.ActiveCfg = Debug|Any CPU
		{0616530F-72FB-42DB-BF55-766A40955804}.Debug|Any CPU.Build.0 = Debug|Any CPU
		{0616530F-72FB-42DB-BF55-766A40955804}.Release|Any CPU.ActiveCfg = Release|Any CPU
		{0616530F-72FB-42DB-BF55-766A40955804}.Release|Any CPU.Build.0 = Release|Any CPU
		{46DC7EA2-CCAA-424D-AA2F-A1880092DA32}.Debug|Any CPU.ActiveCfg = Debug|Any CPU
		{46DC7EA2-CCAA-424D-AA2F-A1880092DA32}.Debug|Any CPU.Build.0 = Debug|Any CPU
		{46DC7EA2-CCAA-424D-AA2F-A1880092DA32}.Release|Any CPU.ActiveCfg = Release|Any CPU
		{46DC7EA2-CCAA-424D-AA2F-A1880092DA32}.Release|Any CPU.Build.0 = Release|Any CPU
		{6800C160-45E3-419B-8D56-04D60BDF802D}.Debug|Any CPU.ActiveCfg = Debug|Any CPU
		{6800C160-45E3-419B-8D56-04D60BDF802D}.Debug|Any CPU.Build.0 = Debug|Any CPU
		{6800C160-45E3-419B-8D56-04D60BDF802D}.Release|Any CPU.ActiveCfg = Release|Any CPU
		{6800C160-45E3-419B-8D56-04D60BDF802D}.Release|Any CPU.Build.0 = Release|Any CPU
		{6BD7D1FC-B24E-47F7-900F-A535AFA6525E}.Debug|Any CPU.ActiveCfg = Debug|Any CPU
		{6BD7D1FC-B24E-47F7-900F-A535AFA6525E}.Debug|Any CPU.Build.0 = Debug|Any CPU
		{6BD7D1FC-B24E-47F7-900F-A535AFA6525E}.Release|Any CPU.ActiveCfg = Release|Any CPU
		{6BD7D1FC-B24E-47F7-900F-A535AFA6525E}.Release|Any CPU.Build.0 = Release|Any CPU
		{FA64674A-B816-4180-B175-1C89ADD73DC7}.Debug|Any CPU.ActiveCfg = Debug|Any CPU
		{FA64674A-B816-4180-B175-1C89ADD73DC7}.Debug|Any CPU.Build.0 = Debug|Any CPU
		{FA64674A-B816-4180-B175-1C89ADD73DC7}.Release|Any CPU.ActiveCfg = Release|Any CPU
		{FA64674A-B816-4180-B175-1C89ADD73DC7}.Release|Any CPU.Build.0 = Release|Any CPU
		{B5EAA182-2395-4421-A27B-CCB1131D74D2}.Debug|Any CPU.ActiveCfg = Debug|Any CPU
		{B5EAA182-2395-4421-A27B-CCB1131D74D2}.Debug|Any CPU.Build.0 = Debug|Any CPU
		{B5EAA182-2395-4421-A27B-CCB1131D74D2}.Release|Any CPU.ActiveCfg = Release|Any CPU
		{B5EAA182-2395-4421-A27B-CCB1131D74D2}.Release|Any CPU.Build.0 = Release|Any CPU
		{D11C5147-409C-4AB9-B7AE-53BD5C11EAE1}.Debug|Any CPU.ActiveCfg = Debug|Any CPU
		{D11C5147-409C-4AB9-B7AE-53BD5C11EAE1}.Debug|Any CPU.Build.0 = Debug|Any CPU
		{D11C5147-409C-4AB9-B7AE-53BD5C11EAE1}.Release|Any CPU.ActiveCfg = Release|Any CPU
		{D11C5147-409C-4AB9-B7AE-53BD5C11EAE1}.Release|Any CPU.Build.0 = Release|Any CPU
		{2420912F-BE80-44B0-9603-0816C7E0424B}.Debug|Any CPU.ActiveCfg = Debug|Any CPU
		{2420912F-BE80-44B0-9603-0816C7E0424B}.Debug|Any CPU.Build.0 = Debug|Any CPU
		{2420912F-BE80-44B0-9603-0816C7E0424B}.Release|Any CPU.ActiveCfg = Release|Any CPU
		{2420912F-BE80-44B0-9603-0816C7E0424B}.Release|Any CPU.Build.0 = Release|Any CPU
		{07A088B4-B10C-4EEC-B2DA-872A2EE689C9}.Debug|Any CPU.ActiveCfg = Debug|Any CPU
		{07A088B4-B10C-4EEC-B2DA-872A2EE689C9}.Debug|Any CPU.Build.0 = Debug|Any CPU
		{07A088B4-B10C-4EEC-B2DA-872A2EE689C9}.Release|Any CPU.ActiveCfg = Release|Any CPU
		{07A088B4-B10C-4EEC-B2DA-872A2EE689C9}.Release|Any CPU.Build.0 = Release|Any CPU
		{81D84594-ECAD-410D-B2A5-777A28F6DA44}.Debug|Any CPU.ActiveCfg = Debug|Any CPU
		{81D84594-ECAD-410D-B2A5-777A28F6DA44}.Debug|Any CPU.Build.0 = Debug|Any CPU
		{81D84594-ECAD-410D-B2A5-777A28F6DA44}.Release|Any CPU.ActiveCfg = Release|Any CPU
		{81D84594-ECAD-410D-B2A5-777A28F6DA44}.Release|Any CPU.Build.0 = Release|Any CPU
		{D8612E25-9A7F-48ED-9EF6-A6DAC7869ED2}.Debug|Any CPU.ActiveCfg = Debug|Any CPU
		{D8612E25-9A7F-48ED-9EF6-A6DAC7869ED2}.Debug|Any CPU.Build.0 = Debug|Any CPU
		{D8612E25-9A7F-48ED-9EF6-A6DAC7869ED2}.Release|Any CPU.ActiveCfg = Release|Any CPU
		{D8612E25-9A7F-48ED-9EF6-A6DAC7869ED2}.Release|Any CPU.Build.0 = Release|Any CPU
		{3EB82C16-D1AE-4DC5-8FB6-DD55BD32E27C}.Debug|Any CPU.ActiveCfg = Debug|Any CPU
		{3EB82C16-D1AE-4DC5-8FB6-DD55BD32E27C}.Debug|Any CPU.Build.0 = Debug|Any CPU
		{3EB82C16-D1AE-4DC5-8FB6-DD55BD32E27C}.Release|Any CPU.ActiveCfg = Release|Any CPU
		{3EB82C16-D1AE-4DC5-8FB6-DD55BD32E27C}.Release|Any CPU.Build.0 = Release|Any CPU
		{F48FED2E-E37A-48C0-A0F7-67A4E98ABF72}.Debug|Any CPU.ActiveCfg = Debug|Any CPU
		{F48FED2E-E37A-48C0-A0F7-67A4E98ABF72}.Debug|Any CPU.Build.0 = Debug|Any CPU
		{F48FED2E-E37A-48C0-A0F7-67A4E98ABF72}.Release|Any CPU.ActiveCfg = Release|Any CPU
		{F48FED2E-E37A-48C0-A0F7-67A4E98ABF72}.Release|Any CPU.Build.0 = Release|Any CPU
		{1C545CE3-6F53-4A05-988C-157B65983662}.Debug|Any CPU.ActiveCfg = Debug|Any CPU
		{1C545CE3-6F53-4A05-988C-157B65983662}.Debug|Any CPU.Build.0 = Debug|Any CPU
		{1C545CE3-6F53-4A05-988C-157B65983662}.Release|Any CPU.ActiveCfg = Release|Any CPU
		{1C545CE3-6F53-4A05-988C-157B65983662}.Release|Any CPU.Build.0 = Release|Any CPU
		{11E2B4E8-A2A2-4006-92CB-1982C7F9FC34}.Debug|Any CPU.ActiveCfg = Debug|Any CPU
		{11E2B4E8-A2A2-4006-92CB-1982C7F9FC34}.Debug|Any CPU.Build.0 = Debug|Any CPU
		{11E2B4E8-A2A2-4006-92CB-1982C7F9FC34}.Release|Any CPU.ActiveCfg = Release|Any CPU
		{11E2B4E8-A2A2-4006-92CB-1982C7F9FC34}.Release|Any CPU.Build.0 = Release|Any CPU
		{05B7EAEE-C735-4E4F-A9E1-593A2E11C706}.Debug|Any CPU.ActiveCfg = Debug|Any CPU
		{05B7EAEE-C735-4E4F-A9E1-593A2E11C706}.Debug|Any CPU.Build.0 = Debug|Any CPU
		{05B7EAEE-C735-4E4F-A9E1-593A2E11C706}.Release|Any CPU.ActiveCfg = Release|Any CPU
		{05B7EAEE-C735-4E4F-A9E1-593A2E11C706}.Release|Any CPU.Build.0 = Release|Any CPU
		{167117EB-4558-4607-8445-0FCE5F2E18FA}.Debug|Any CPU.ActiveCfg = Debug|Any CPU
		{167117EB-4558-4607-8445-0FCE5F2E18FA}.Debug|Any CPU.Build.0 = Debug|Any CPU
		{167117EB-4558-4607-8445-0FCE5F2E18FA}.Release|Any CPU.ActiveCfg = Release|Any CPU
		{167117EB-4558-4607-8445-0FCE5F2E18FA}.Release|Any CPU.Build.0 = Release|Any CPU
		{A543CA3F-386B-45AB-AEFC-AD4243F9BF4B}.Debug|Any CPU.ActiveCfg = Debug|Any CPU
		{A543CA3F-386B-45AB-AEFC-AD4243F9BF4B}.Debug|Any CPU.Build.0 = Debug|Any CPU
		{A543CA3F-386B-45AB-AEFC-AD4243F9BF4B}.Release|Any CPU.ActiveCfg = Release|Any CPU
		{A543CA3F-386B-45AB-AEFC-AD4243F9BF4B}.Release|Any CPU.Build.0 = Release|Any CPU
		{40EA345D-2E9E-4C7C-8466-C39C545123E2}.Debug|Any CPU.ActiveCfg = Debug|Any CPU
		{40EA345D-2E9E-4C7C-8466-C39C545123E2}.Debug|Any CPU.Build.0 = Debug|Any CPU
		{40EA345D-2E9E-4C7C-8466-C39C545123E2}.Release|Any CPU.ActiveCfg = Release|Any CPU
		{40EA345D-2E9E-4C7C-8466-C39C545123E2}.Release|Any CPU.Build.0 = Release|Any CPU
		{EDA3C6E4-757A-4A05-89E9-BFB5343B03B7}.Debug|Any CPU.ActiveCfg = Debug|Any CPU
		{EDA3C6E4-757A-4A05-89E9-BFB5343B03B7}.Debug|Any CPU.Build.0 = Debug|Any CPU
		{EDA3C6E4-757A-4A05-89E9-BFB5343B03B7}.Release|Any CPU.ActiveCfg = Release|Any CPU
		{EDA3C6E4-757A-4A05-89E9-BFB5343B03B7}.Release|Any CPU.Build.0 = Release|Any CPU
		{8A7375C8-DD4C-47FE-84F8-345730D8C10C}.Debug|Any CPU.ActiveCfg = Debug|Any CPU
		{8A7375C8-DD4C-47FE-84F8-345730D8C10C}.Debug|Any CPU.Build.0 = Debug|Any CPU
		{8A7375C8-DD4C-47FE-84F8-345730D8C10C}.Release|Any CPU.ActiveCfg = Release|Any CPU
		{8A7375C8-DD4C-47FE-84F8-345730D8C10C}.Release|Any CPU.Build.0 = Release|Any CPU
		{C7C0259F-382F-44AA-8404-D101879EFBE1}.Debug|Any CPU.ActiveCfg = Debug|Any CPU
		{C7C0259F-382F-44AA-8404-D101879EFBE1}.Debug|Any CPU.Build.0 = Debug|Any CPU
		{C7C0259F-382F-44AA-8404-D101879EFBE1}.Release|Any CPU.ActiveCfg = Release|Any CPU
		{C7C0259F-382F-44AA-8404-D101879EFBE1}.Release|Any CPU.Build.0 = Release|Any CPU
		{7F8725D4-C1E9-4BAD-A71A-C5D09D801093}.Debug|Any CPU.ActiveCfg = Debug|Any CPU
		{7F8725D4-C1E9-4BAD-A71A-C5D09D801093}.Debug|Any CPU.Build.0 = Debug|Any CPU
		{7F8725D4-C1E9-4BAD-A71A-C5D09D801093}.Release|Any CPU.ActiveCfg = Release|Any CPU
		{7F8725D4-C1E9-4BAD-A71A-C5D09D801093}.Release|Any CPU.Build.0 = Release|Any CPU
		{91FA5C6A-15A6-4AB7-9B1F-FD772CEC4C2B}.Debug|Any CPU.ActiveCfg = Debug|Any CPU
		{91FA5C6A-15A6-4AB7-9B1F-FD772CEC4C2B}.Debug|Any CPU.Build.0 = Debug|Any CPU
		{91FA5C6A-15A6-4AB7-9B1F-FD772CEC4C2B}.Release|Any CPU.ActiveCfg = Release|Any CPU
		{91FA5C6A-15A6-4AB7-9B1F-FD772CEC4C2B}.Release|Any CPU.Build.0 = Release|Any CPU
		{FC0761AD-6462-44EA-BE94-6304816D76AB}.Debug|Any CPU.ActiveCfg = Debug|Any CPU
		{FC0761AD-6462-44EA-BE94-6304816D76AB}.Debug|Any CPU.Build.0 = Debug|Any CPU
		{FC0761AD-6462-44EA-BE94-6304816D76AB}.Release|Any CPU.ActiveCfg = Release|Any CPU
		{FC0761AD-6462-44EA-BE94-6304816D76AB}.Release|Any CPU.Build.0 = Release|Any CPU
		{6784CC44-D13D-4ECB-B6AE-AD8B56E30091}.Debug|Any CPU.ActiveCfg = Debug|Any CPU
		{6784CC44-D13D-4ECB-B6AE-AD8B56E30091}.Debug|Any CPU.Build.0 = Debug|Any CPU
		{6784CC44-D13D-4ECB-B6AE-AD8B56E30091}.Release|Any CPU.ActiveCfg = Release|Any CPU
		{6784CC44-D13D-4ECB-B6AE-AD8B56E30091}.Release|Any CPU.Build.0 = Release|Any CPU
		{E9FCD256-270E-4EC1-B09E-1B3A64715205}.Debug|Any CPU.ActiveCfg = Debug|Any CPU
		{E9FCD256-270E-4EC1-B09E-1B3A64715205}.Debug|Any CPU.Build.0 = Debug|Any CPU
		{E9FCD256-270E-4EC1-B09E-1B3A64715205}.Release|Any CPU.ActiveCfg = Release|Any CPU
		{E9FCD256-270E-4EC1-B09E-1B3A64715205}.Release|Any CPU.Build.0 = Release|Any CPU
	EndGlobalSection
	GlobalSection(SolutionProperties) = preSolution
		HideSolutionNode = FALSE
	EndGlobalSection
	GlobalSection(NestedProjects) = preSolution
		{6800C160-45E3-419B-8D56-04D60BDF802D} = {67F160AE-51B4-467B-AE74-B5E9C3620168}
		{6BD7D1FC-B24E-47F7-900F-A535AFA6525E} = {67F160AE-51B4-467B-AE74-B5E9C3620168}
		{FA64674A-B816-4180-B175-1C89ADD73DC7} = {67F160AE-51B4-467B-AE74-B5E9C3620168}
		{B5EAA182-2395-4421-A27B-CCB1131D74D2} = {67F160AE-51B4-467B-AE74-B5E9C3620168}
		{D11C5147-409C-4AB9-B7AE-53BD5C11EAE1} = {67F160AE-51B4-467B-AE74-B5E9C3620168}
		{40EA345D-2E9E-4C7C-8466-C39C545123E2} = {968AD7EF-D511-408A-BA42-27E2A5650304}
		{EDA3C6E4-757A-4A05-89E9-BFB5343B03B7} = {968AD7EF-D511-408A-BA42-27E2A5650304}
		{C7C0259F-382F-44AA-8404-D101879EFBE1} = {BF3F7E65-3533-4183-A9D2-B88B19C9B71B}
		{7F8725D4-C1E9-4BAD-A71A-C5D09D801093} = {BF3F7E65-3533-4183-A9D2-B88B19C9B71B}
	EndGlobalSection
	GlobalSection(ExtensibilityGlobals) = postSolution
		SolutionGuid = {E7996C1C-8368-4568-8E37-98A73FF6CE98}
	EndGlobalSection
EndGlobal
