
Microsoft Visual Studio Solution File, Format Version 12.00
# Visual Studio Version 16
VisualStudioVersion = 16.0.28803.352
MinimumVisualStudioVersion = 10.0.40219.1
Project("{9A19103F-16F7-4668-BE54-9A1E7A4F7556}") = "MvcCookieAuthSample", "MvcCookieAuthSample\MvcCookieAuthSample.csproj", "{D1635226-577F-4173-A333-BAE47AD2EBCF}"
EndProject
Project("{9A19103F-16F7-4668-BE54-9A1E7A4F7556}") = "MyPipeline", "MyPipeline\MyPipeline.csproj", "{801B870B-9C17-4596-8390-103AE4D699B9}"
EndProject
Project("{9A19103F-16F7-4668-BE54-9A1E7A4F7556}") = "NewtonsoftStudy", "NewtonsoftStudy\NewtonsoftStudy.csproj", "{87EF039E-41D5-42F5-9C08-82B3B8812C58}"
EndProject
Global
	GlobalSection(SolutionConfigurationPlatforms) = preSolution
		Debug|Any CPU = Debug|Any CPU
		Release|Any CPU = Release|Any CPU
	EndGlobalSection
	GlobalSection(ProjectConfigurationPlatforms) = postSolution
		{D1635226-577F-4173-A333-BAE47AD2EBCF}.Debug|Any CPU.ActiveCfg = Debug|Any CPU
		{D1635226-577F-4173-A333-BAE47AD2EBCF}.Debug|Any CPU.Build.0 = Debug|Any CPU
		{D1635226-577F-4173-A333-BAE47AD2EBCF}.Release|Any CPU.ActiveCfg = Release|Any CPU
		{D1635226-577F-4173-A333-BAE47AD2EBCF}.Release|Any CPU.Build.0 = Release|Any CPU
		{801B870B-9C17-4596-8390-103AE4D699B9}.Debug|Any CPU.ActiveCfg = Debug|Any CPU
		{801B870B-9C17-4596-8390-103AE4D699B9}.Debug|Any CPU.Build.0 = Debug|Any CPU
		{801B870B-9C17-4596-8390-103AE4D699B9}.Release|Any CPU.ActiveCfg = Release|Any CPU
		{801B870B-9C17-4596-8390-103AE4D699B9}.Release|Any CPU.Build.0 = Release|Any CPU
		{87EF039E-41D5-42F5-9C08-82B3B8812C58}.Debug|Any CPU.ActiveCfg = Debug|Any CPU
		{87EF039E-41D5-42F5-9C08-82B3B8812C58}.Debug|Any CPU.Build.0 = Debug|Any CPU
		{87EF039E-41D5-42F5-9C08-82B3B8812C58}.Release|Any CPU.ActiveCfg = Release|Any CPU
		{87EF039E-41D5-42F5-9C08-82B3B8812C58}.Release|Any CPU.Build.0 = Release|Any CPU
	EndGlobalSection
	GlobalSection(SolutionProperties) = preSolution
		HideSolutionNode = FALSE
	EndGlobalSection
	GlobalSection(ExtensibilityGlobals) = postSolution
		SolutionGuid = {E7996C1C-8368-4568-8E37-98A73FF6CE98}
	EndGlobalSection
EndGlobal
